{
  "nodes": {
    "claude-plugin-itp-engineering": {
      "flake": false,
      "locked": {
        "lastModified": 1774968000,
        "narHash": "sha256-+8C3aBQdY/DUdl74gMomhgWO82vUD7AQ0Fk/fIE2eEE=",
        "ref": "refs/heads/main",
        "rev": "8d017496f7c5bc71a2d8f5cfcbb364885c46b477",
        "revCount": 18,
        "type": "git",
        "url": "ssh://git@git.inthepocket.org/inthepocket/skills/engineering/engineering.git"
      },
      "original": {
        "type": "git",
        "url": "ssh://git@git.inthepocket.org/inthepocket/skills/engineering/engineering.git"
      }
    },
    "claude-plugin-itp-engineering-backend": {
      "flake": false,
      "locked": {
        "lastModified": 1775387210,
        "narHash": "sha256-is6mttStAmcwQDZg6PdFGPJDcUxjTtsGauO2uoTzID0=",
        "ref": "refs/heads/main",
        "rev": "5db5f9bfda116077da97250b3818aff2b18070ca",
        "revCount": 83,
        "type": "git",
        "url": "ssh://git@git.inthepocket.org/inthepocket/skills/engineering/backend.git"
      },
      "original": {
        "type": "git",
        "url": "ssh://git@git.inthepocket.org/inthepocket/skills/engineering/backend.git"
      }
    },
    "claude-plugin-itp-engineering-daikin": {
      "flake": false,
      "locked": {
        "lastModified": 1775658490,
        "narHash": "sha256-wzeIhak9k8f+hyT4YXIgFx7gFmkA3483lTT3rKBzcCg=",
        "ref": "refs/heads/main",
        "rev": "a6595c38cd80c461513308a23899ea3ddf00238e",
        "revCount": 132,
        "type": "git",
        "url": "ssh://git@git.inthepocket.org/inthepocket/skills/engineering/daikin.git"
      },
      "original": {
        "type": "git",
        "url": "ssh://git@git.inthepocket.org/inthepocket/skills/engineering/daikin.git"
      }
    },
    "claude-plugin-itp-general": {
      "flake": false,
      "locked": {
        "lastModified": 1774443146,
        "narHash": "sha256-bP2xHwVeAFBxihBbtyCrm88R6Z8XDdpjPg+XUrV/Jo8=",
        "ref": "refs/heads/main",
        "rev": "0d91e270bca3ddf715a6fa1e624bc7f55ee869b2",
        "revCount": 22,
        "type": "git",
        "url": "ssh://git@git.inthepocket.org/inthepocket/skills/general.git"
      },
      "original": {
        "type": "git",
        "url": "ssh://git@git.inthepocket.org/inthepocket/skills/general.git"
      }
    },
    "claude-plugins-official": {
      "flake": false,
      "locked": {
        "lastModified": 1775688123,
        "narHash": "sha256-kIH6mocPgQTAECQBWyQOjM6INFfVVd8iXYW/Us3mFjU=",
        "owner": "anthropics",
        "repo": "claude-plugins-official",
        "rev": "98c01d3fbf621892e437fc64a10d38950690e2c6",
        "type": "github"
      },
      "original": {
        "owner": "anthropics",
        "repo": "claude-plugins-official",
        "type": "github"
      }
    },
    "flake-compat": {
      "flake": false,
      "locked": {
        "lastModified": 1767039857,
        "narHash": "sha256-vNpUSpF5Nuw8xvDLj2KCwwksIbjua2LZCqhV1LNRDns=",
        "owner": "NixOS",
        "repo": "flake-compat",
        "rev": "5edf11c44bc78a0d334f6334cdaf7d60d732daab",
        "type": "github"
      },
      "original": {
        "owner": "NixOS",
        "repo": "flake-compat",
        "type": "github"
      }
    },
    "git-hooks": {
      "inputs": {
        "flake-compat": "flake-compat",
        "gitignore": "gitignore",
        "nixpkgs": [
          "nixpkgs"
        ]
      },
      "locked": {
        "lastModified": 1775585728,
        "narHash": "sha256-8Psjt+TWvE4thRKktJsXfR6PA/fWWsZ04DVaY6PUhr4=",
        "owner": "cachix",
        "repo": "git-hooks.nix",
        "rev": "580633fa3fe5fc0379905986543fd7495481913d",
        "type": "github"
      },
      "original": {
        "owner": "cachix",
        "repo": "git-hooks.nix",
        "type": "github"
      }
    },
    "gitignore": {
      "inputs": {
        "nixpkgs": [
          "git-hooks",
          "nixpkgs"
        ]
      },
      "locked": {
        "lastModified": 1709087332,
        "narHash": "sha256-HG2cCnktfHsKV0s4XW83gU3F57gaTljL9KNSuG6bnQs=",
        "owner": "hercules-ci",
        "repo": "gitignore.nix",
        "rev": "637db329424fd7e46cf4185293b9cc8c88c95394",
        "type": "github"
      },
      "original": {
        "owner": "hercules-ci",
        "repo": "gitignore.nix",
        "type": "github"
      }
    },
    "home-manager": {
      "inputs": {
        "nixpkgs": [
          "nixpkgs"
        ]
      },
      "locked": {
        "lastModified": 1775143651,
        "narHash": "sha256-S0RqAyDPMTcv9vASMaE8eY1QexFysAOdnxUxFHIPOyE=",
        "owner": "nix-community",
        "repo": "home-manager",
        "rev": "d166a078541982a76f14d3e06e9665fa5c9ed85e",
        "type": "github"
      },
      "original": {
        "owner": "nix-community",
        "repo": "home-manager",
        "type": "github"
      }
    },
    "nix-darwin": {
      "inputs": {
        "nixpkgs": [
          "nixpkgs"
        ]
      },
      "locked": {
        "lastModified": 1775037210,
        "narHash": "sha256-KM2WYj6EA7M/FVZVCl3rqWY+TFV5QzSyyGE2gQxeODU=",
        "owner": "lnl7",
        "repo": "nix-darwin",
        "rev": "06648f4902343228ce2de79f291dd5a58ee12146",
        "type": "github"
      },
      "original": {
        "owner": "lnl7",
        "repo": "nix-darwin",
        "type": "github"
      }
    },
    "nixpkgs": {
      "locked": {
        "lastModified": 1775095191,
        "narHash": "sha256-CsqRiYbgQyv01LS0NlC7shwzhDhjNDQSrhBX8VuD3nM=",
        "owner": "nixos",
        "repo": "nixpkgs",
        "rev": "106eb93cbb9d4e4726bf6bc367a3114f7ed6b32f",
        "type": "github"
      },
      "original": {
        "owner": "nixos",
        "ref": "nixpkgs-unstable",
        "repo": "nixpkgs",
        "type": "github"
      }
    },
    "root": {
      "inputs": {
        "claude-plugin-itp-engineering": "claude-plugin-itp-engineering",
        "claude-plugin-itp-engineering-backend": "claude-plugin-itp-engineering-backend",
        "claude-plugin-itp-engineering-daikin": "claude-plugin-itp-engineering-daikin",
        "claude-plugin-itp-general": "claude-plugin-itp-general",
        "claude-plugins-official": "claude-plugins-official",
        "git-hooks": "git-hooks",
        "home-manager": "home-manager",
        "nix-darwin": "nix-darwin",
        "nixpkgs": "nixpkgs"
      }
    }
  },
  "root": "root",
  "version": 7
}
