{
  "nodes": {
    "claude-plugin-itp-engineering": {
      "flake": false,
      "locked": {
        "lastModified": 1774968000,
        "narHash": "sha256-+8C3aBQdY/DUdl74gMomhgWO82vUD7AQ0Fk/fIE2eEE=",
        "ref": "refs/heads/main",
        "rev": "8d017496f7c5bc71a2d8f5cfcbb364885c46b477",
        "revCount": 18,
        "type": "git",
        "url": "ssh://git@git.inthepocket.org/inthepocket/skills/engineering/engineering.git"
      },
      "original": {
        "type": "git",
        "url": "ssh://git@git.inthepocket.org/inthepocket/skills/engineering/engineering.git"
      }
    },
    "claude-plugin-itp-engineering-backend": {
      "flake": false,
      "locked": {
        "lastModified": 1775739897,
        "narHash": "sha256-SmSJkLFzH4/e7UfmSKme2R7myJxniFSl9Ad+4Q3zNHs=",
        "ref": "refs/heads/main",
        "rev": "72f8de733e4a1d36df8d3a3bc245a44765293335",
        "revCount": 87,
        "type": "git",
        "url": "ssh://git@git.inthepocket.org/inthepocket/skills/engineering/backend.git"
      },
      "original": {
        "type": "git",
        "url": "ssh://git@git.inthepocket.org/inthepocket/skills/engineering/backend.git"
      }
    },
    "claude-plugin-itp-engineering-daikin": {
      "flake": false,
      "locked": {
        "lastModified": 1776151839,
        "narHash": "sha256-rvbmhuClz4neC7yRupo0qFVTkyDGDPaCJuJpBUnzgX0=",
        "ref": "refs/heads/main",
        "rev": "8d9a470f87b0382bf15c428519658581a8d9df37",
        "revCount": 142,
        "type": "git",
        "url": "ssh://git@git.inthepocket.org/inthepocket/skills/engineering/daikin.git"
      },
      "original": {
        "type": "git",
        "url": "ssh://git@git.inthepocket.org/inthepocket/skills/engineering/daikin.git"
      }
    },
    "claude-plugin-itp-general": {
      "flake": false,
      "locked": {
        "lastModified": 1775824910,
        "narHash": "sha256-rhF0Aofc/jIOmYy5CDIatG73+Vh3b6TFUAQvVkwYhWc=",
        "ref": "refs/heads/main",
        "rev": "1717a38a777f23b52d9101890ea00eeee72f8c93",
        "revCount": 28,
        "type": "git",
        "url": "ssh://git@git.inthepocket.org/inthepocket/skills/general.git"
      },
      "original": {
        "type": "git",
        "url": "ssh://git@git.inthepocket.org/inthepocket/skills/general.git"
      }
    },
    "claude-plugins-official": {
      "flake": false,
      "locked": {
        "lastModified": 1776459805,
        "narHash": "sha256-cAaazLUwLF/c09g2FlDmeC3ZQ/nzp4yTEOa+LTQk+rM=",
        "owner": "anthropics",
        "repo": "claude-plugins-official",
        "rev": "bb7730114d873b91acd477e696066f217f882391",
        "type": "github"
      },
      "original": {
        "owner": "anthropics",
        "repo": "claude-plugins-official",
        "type": "github"
      }
    },
    "flake-compat": {
      "flake": false,
      "locked": {
        "lastModified": 1767039857,
        "narHash": "sha256-vNpUSpF5Nuw8xvDLj2KCwwksIbjua2LZCqhV1LNRDns=",
        "owner": "NixOS",
        "repo": "flake-compat",
        "rev": "5edf11c44bc78a0d334f6334cdaf7d60d732daab",
        "type": "github"
      },
      "original": {
        "owner": "NixOS",
        "repo": "flake-compat",
        "type": "github"
      }
    },
    "git-hooks": {
      "inputs": {
        "flake-compat": "flake-compat",
        "gitignore": "gitignore",
        "nixpkgs": [
          "nixpkgs"
        ]
      },
      "locked": {
        "lastModified": 1775585728,
        "narHash": "sha256-8Psjt+TWvE4thRKktJsXfR6PA/fWWsZ04DVaY6PUhr4=",
        "owner": "cachix",
        "repo": "git-hooks.nix",
        "rev": "580633fa3fe5fc0379905986543fd7495481913d",
        "type": "github"
      },
      "original": {
        "owner": "cachix",
        "repo": "git-hooks.nix",
        "type": "github"
      }
    },
    "gitignore": {
      "inputs": {
        "nixpkgs": [
          "git-hooks",
          "nixpkgs"
        ]
      },
      "locked": {
        "lastModified": 1709087332,
        "narHash": "sha256-HG2cCnktfHsKV0s4XW83gU3F57gaTljL9KNSuG6bnQs=",
        "owner": "hercules-ci",
        "repo": "gitignore.nix",
        "rev": "637db329424fd7e46cf4185293b9cc8c88c95394",
        "type": "github"
      },
      "original": {
        "owner": "hercules-ci",
        "repo": "gitignore.nix",
        "type": "github"
      }
    },
    "home-manager": {
      "inputs": {
        "nixpkgs": [
          "nixpkgs"
        ]
      },
      "locked": {
        "lastModified": 1776661682,
        "narHash": "sha256-X32LTSDqUdVqMy85WYdRgyt0I75wc4Lhi9j+lrCDR8w=",
        "owner": "nix-community",
        "repo": "home-manager",
        "rev": "4bfce11ea820df0359f73736fd59c7e8f53641a6",
        "type": "github"
      },
      "original": {
        "owner": "nix-community",
        "repo": "home-manager",
        "type": "github"
      }
    },
    "nix-darwin": {
      "inputs": {
        "nixpkgs": [
          "nixpkgs"
        ]
      },
      "locked": {
        "lastModified": 1775037210,
        "narHash": "sha256-KM2WYj6EA7M/FVZVCl3rqWY+TFV5QzSyyGE2gQxeODU=",
        "owner": "lnl7",
        "repo": "nix-darwin",
        "rev": "06648f4902343228ce2de79f291dd5a58ee12146",
        "type": "github"
      },
      "original": {
        "owner": "lnl7",
        "repo": "nix-darwin",
        "type": "github"
      }
    },
    "nixpkgs": {
      "locked": {
        "lastModified": 1776329215,
        "narHash": "sha256-a8BYi3mzoJ/AcJP8UldOx8emoPRLeWqALZWu4ZvjPXw=",
        "owner": "nixos",
        "repo": "nixpkgs",
        "rev": "b86751bc4085f48661017fa226dee99fab6c651b",
        "type": "github"
      },
      "original": {
        "owner": "nixos",
        "ref": "nixpkgs-unstable",
        "repo": "nixpkgs",
        "type": "github"
      }
    },
    "root": {
      "inputs": {
        "claude-plugin-itp-engineering": "claude-plugin-itp-engineering",
        "claude-plugin-itp-engineering-backend": "claude-plugin-itp-engineering-backend",
        "claude-plugin-itp-engineering-daikin": "claude-plugin-itp-engineering-daikin",
        "claude-plugin-itp-general": "claude-plugin-itp-general",
        "claude-plugins-official": "claude-plugins-official",
        "git-hooks": "git-hooks",
        "home-manager": "home-manager",
        "nix-darwin": "nix-darwin",
        "nixpkgs": "nixpkgs"
      }
    }
  },
  "root": "root",
  "version": 7
}
